// !$*UTF8*$!
{
	archiveVersion = 1;
	classes = {
	};
	objectVersion = 46;
	objects = {

/* Begin PBXBuildFile section */
		9CB619C819ED19790022BB35 /* Cocoa.framework in Frameworks */ = {isa = PBXBuildFile; fileRef = 9CB619C719ED19790022BB35 /* Cocoa.framework */; };
		9CB619D219ED19790022BB35 /* InfoPlist.strings in Resources */ = {isa = PBXBuildFile; fileRef = 9CB619D019ED19790022BB35 /* InfoPlist.strings */; };
		9CB619D419ED19790022BB35 /* main.m in Sources */ = {isa = PBXBuildFile; fileRef = 9CB619D319ED19790022BB35 /* main.m */; };
		9CB619D819ED19790022BB35 /* Credits.rtf in Resources */ = {isa = PBXBuildFile; fileRef = 9CB619D619ED19790022BB35 /* Credits.rtf */; };
		9CB619DB19ED19790022BB35 /* MyAppDelegate.m in Sources */ = {isa = PBXBuildFile; fileRef = 9CB619DA19ED19790022BB35 /* MyAppDelegate.m */; };
		9CB619DE19ED19790022BB35 /* MainMenu.xib in Resources */ = {isa = PBXBuildFile; fileRef = 9CB619DC19ED19790022BB35 /* MainMenu.xib */; };
		9CB619E519ED198A0022BB35 /* OpenGL.framework in Frameworks */ = {isa = PBXBuildFile; fileRef = 9CB619E419ED198A0022BB35 /* OpenGL.framework */; };
		9CB619E819ED19B70022BB35 /* MyOpenGLView.m in Sources */ = {isa = PBXBuildFile; fileRef = 9CB619E719ED19B70022BB35 /* MyOpenGLView.m */; };
/* End PBXBuildFile section */

/* Begin PBXFileReference section */
		9CB619C419ED19790022BB35 /* GoldenTriangle.app */ = {isa = PBXFileReference; explicitFileType = wrapper.application; includeInIndex = 0; path = GoldenTriangle.app; sourceTree = BUILT_PRODUCTS_DIR; };
		9CB619C719ED19790022BB35 /* Cocoa.framework */ = {isa = PBXFileReference; lastKnownFileType = wrapper.framework; name = Cocoa.framework; path = System/Library/Frameworks/Cocoa.framework; sourceTree = SDKROOT; };
		9CB619CA19ED19790022BB35 /* AppKit.framework */ = {isa = PBXFileReference; lastKnownFileType = wrapper.framework; name = AppKit.framework; path = System/Library/Frameworks/AppKit.framework; sourceTree = SDKROOT; };
		9CB619CB19ED19790022BB35 /* CoreData.framework */ = {isa = PBXFileReference; lastKnownFileType = wrapper.framework; name = CoreData.framework; path = System/Library/Frameworks/CoreData.framework; sourceTree = SDKROOT; };
		9CB619CC19ED19790022BB35 /* Foundation.framework */ = {isa = PBXFileReference; lastKnownFileType = wrapper.framework; name = Foundation.framework; path = System/Library/Frameworks/Foundation.framework; sourceTree = SDKROOT; };
		9CB619CF19ED19790022BB35 /* GoldenTriangle-Info.plist */ = {isa = PBXFileReference; lastKnownFileType = text.plist.xml; path = "GoldenTriangle-Info.plist"; sourceTree = "<group>"; };
		9CB619D119ED19790022BB35 /* en */ = {isa = PBXFileReference; lastKnownFileType = text.plist.strings; name = en; path = en.lproj/InfoPlist.strings; sourceTree = "<group>"; };
		9CB619D319ED19790022BB35 /* main.m */ = {isa = PBXFileReference; lastKnownFileType = sourcecode.c.objc; path = main.m; sourceTree = "<group>"; };
		9CB619D519ED19790022BB35 /* GoldenTriangle-Prefix.pch */ = {isa = PBXFileReference; lastKnownFileType = sourcecode.c.h; path = "GoldenTriangle-Prefix.pch"; sourceTree = "<group>"; };
		9CB619D719ED19790022BB35 /* en */ = {isa = PBXFileReference; lastKnownFileType = text.rtf; name = en; path = en.lproj/Credits.rtf; sourceTree = "<group>"; };
		9CB619D919ED19790022BB35 /* MyAppDelegate.h */ = {isa = PBXFileReference; lastKnownFileType = sourcecode.c.h; path = MyAppDelegate.h; sourceTree = "<group>"; };
		9CB619DA19ED19790022BB35 /* MyAppDelegate.m */ = {isa = PBXFileReference; lastKnownFileType = sourcecode.c.objc; path = MyAppDelegate.m; sourceTree = "<group>"; };
		9CB619DD19ED19790022BB35 /* en */ = {isa = PBXFileReference; lastKnownFileType = file.xib; name = en; path = en.lproj/MainMenu.xib; sourceTree = "<group>"; };
		9CB619E419ED198A0022BB35 /* OpenGL.framework */ = {isa = PBXFileReference; lastKnownFileType = wrapper.framework; name = OpenGL.framework; path = System/Library/Frameworks/OpenGL.framework; sourceTree = SDKROOT; };
		9CB619E619ED19B70022BB35 /* MyOpenGLView.h */ = {isa = PBXFileReference; fileEncoding = 4; lastKnownFileType = sourcecode.c.h; path = MyOpenGLView.h; sourceTree = "<group>"; };
		9CB619E719ED19B70022BB35 /* MyOpenGLView.m */ = {isa = PBXFileReference; fileEncoding = 4; lastKnownFileType = sourcecode.c.objc; path = MyOpenGLView.m; sourceTree = "<group>"; };
/* End PBXFileReference section */

/* Begin PBXFrameworksBuildPhase section */
		9CB619C119ED19790022BB35 /* Frameworks */ = {
			isa = PBXFrameworksBuildPhase;
			buildActionMask = 2147483647;
			files = (
				9CB619E519ED198A0022BB35 /* OpenGL.framework in Frameworks */,
				9CB619C819ED19790022BB35 /* Cocoa.framework in Frameworks */,
			);
			runOnlyForDeploymentPostprocessing = 0;
		};
/* End PBXFrameworksBuildPhase section */

/* Begin PBXGroup section */
		9CB619BB19ED19790022BB35 = {
			isa = PBXGroup;
			children = (
				9CB619CD19ED19790022BB35 /* GoldenTriangle */,
				9CB619C619ED19790022BB35 /* Frameworks */,
				9CB619C519ED19790022BB35 /* Products */,
			);
			sourceTree = "<group>";
		};
		9CB619C519ED19790022BB35 /* Products */ = {
			isa = PBXGroup;
			children = (
				9CB619C419ED19790022BB35 /* GoldenTriangle.app */,
			);
			name = Products;
			sourceTree = "<group>";
		};
		9CB619C619ED19790022BB35 /* Frameworks */ = {
			isa = PBXGroup;
			children = (
				9CB619E419ED198A0022BB35 /* OpenGL.framework */,
				9CB619C719ED19790022BB35 /* Cocoa.framework */,
				9CB619C919ED19790022BB35 /* Other Frameworks */,
			);
			name = Frameworks;
			sourceTree = "<group>";
		};
		9CB619C919ED19790022BB35 /* Other Frameworks */ = {
			isa = PBXGroup;
			children = (
				9CB619CA19ED19790022BB35 /* AppKit.framework */,
				9CB619CB19ED19790022BB35 /* CoreData.framework */,
				9CB619CC19ED19790022BB35 /* Foundation.framework */,
			);
			name = "Other Frameworks";
			sourceTree = "<group>";
		};
		9CB619CD19ED19790022BB35 /* GoldenTriangle */ = {
			isa = PBXGroup;
			children = (
				9CB619D919ED19790022BB35 /* MyAppDelegate.h */,
				9CB619DA19ED19790022BB35 /* MyAppDelegate.m */,
				9CB619DC19ED19790022BB35 /* MainMenu.xib */,
				9CB619CE19ED19790022BB35 /* Supporting Files */,
				9CB619E619ED19B70022BB35 /* MyOpenGLView.h */,
				9CB619E719ED19B70022BB35 /* MyOpenGLView.m */,
			);
			path = GoldenTriangle;
			sourceTree = "<group>";
		};
		9CB619CE19ED19790022BB35 /* Supporting Files */ = {
			isa = PBXGroup;
			children = (
				9CB619CF19ED19790022BB35 /* GoldenTriangle-Info.plist */,
				9CB619D019ED19790022BB35 /* InfoPlist.strings */,
				9CB619D319ED19790022BB35 /* main.m */,
				9CB619D519ED19790022BB35 /* GoldenTriangle-Prefix.pch */,
				9CB619D619ED19790022BB35 /* Credits.rtf */,
			);
			name = "Supporting Files";
			sourceTree = "<group>";
		};
/* End PBXGroup section */

/* Begin PBXNativeTarget section */
		9CB619C319ED19790022BB35 /* GoldenTriangle */ = {
			isa = PBXNativeTarget;
			buildConfigurationList = 9CB619E119ED19790022BB35 /* Build configuration list for PBXNativeTarget "GoldenTriangle" */;
			buildPhases = (
				9CB619C019ED19790022BB35 /* Sources */,
				9CB619C119ED19790022BB35 /* Frameworks */,
				9CB619C219ED19790022BB35 /* Resources */,
			);
			buildRules = (
			);
			dependencies = (
			);
			name = GoldenTriangle;
			productName = GoldenTriangle;
			productReference = 9CB619C419ED19790022BB35 /* GoldenTriangle.app */;
			productType = "com.apple.product-type.application";
		};
/* End PBXNativeTarget section */

/* Begin PBXProject section */
		9CB619BC19ED19790022BB35 /* Project object */ = {
			isa = PBXProject;
			attributes = {
				CLASSPREFIX = My;
				LastUpgradeCheck = 0460;
				ORGANIZATIONNAME = "Jianping Wang";
			};
			buildConfigurationList = 9CB619BF19ED19790022BB35 /* Build configuration list for PBXProject "GoldenTriangle" */;
			compatibilityVersion = "Xcode 3.2";
			developmentRegion = English;
			hasScannedForEncodings = 0;
			knownRegions = (
				en,
			);
			mainGroup = 9CB619BB19ED19790022BB35;
			productRefGroup = 9CB619C519ED19790022BB35 /* Products */;
			projectDirPath = "";
			projectRoot = "";
			targets = (
				9CB619C319ED19790022BB35 /* GoldenTriangle */,
			);
		};
/* End PBXProject section */

/* Begin PBXResourcesBuildPhase section */
		9CB619C219ED19790022BB35 /* Resources */ = {
			isa = PBXResourcesBuildPhase;
			buildActionMask = 2147483647;
			files = (
				9CB619D219ED19790022BB35 /* InfoPlist.strings in Resources */,
				9CB619D819ED19790022BB35 /* Credits.rtf in Resources */,
				9CB619DE19ED19790022BB35 /* MainMenu.xib in Resources */,
			);
			runOnlyForDeploymentPostprocessing = 0;
		};
/* End PBXResourcesBuildPhase section */

/* Begin PBXSourcesBuildPhase section */
		9CB619C019ED19790022BB35 /* Sources */ = {
			isa = PBXSourcesBuildPhase;
			buildActionMask = 2147483647;
			files = (
				9CB619D419ED19790022BB35 /* main.m in Sources */,
				9CB619DB19ED19790022BB35 /* MyAppDelegate.m in Sources */,
				9CB619E819ED19B70022BB35 /* MyOpenGLView.m in Sources */,
			);
			runOnlyForDeploymentPostprocessing = 0;
		};
/* End PBXSourcesBuildPhase section */

/* Begin PBXVariantGroup section */
		9CB619D019ED19790022BB35 /* InfoPlist.strings */ = {
			isa = PBXVariantGroup;
			children = (
				9CB619D119ED19790022BB35 /* en */,
			);
			name = InfoPlist.strings;
			sourceTree = "<group>";
		};
		9CB619D619ED19790022BB35 /* Credits.rtf */ = {
			isa = PBXVariantGroup;
			children = (
				9CB619D719ED19790022BB35 /* en */,
			);
			name = Credits.rtf;
			sourceTree = "<group>";
		};
		9CB619DC19ED19790022BB35 /* MainMenu.xib */ = {
			isa = PBXVariantGroup;
			children = (
				9CB619DD19ED19790022BB35 /* en */,
			);
			name = MainMenu.xib;
			sourceTree = "<group>";
		};
/* End PBXVariantGroup section */

/* Begin XCBuildConfiguration section */
		9CB619DF19ED19790022BB35 /* Debug */ = {
			isa = XCBuildConfiguration;
			buildSettings = {
				ALWAYS_SEARCH_USER_PATHS = NO;
				ARCHS = "$(ARCHS_STANDARD_64_BIT)";
				CLANG_CXX_LANGUAGE_STANDARD = "gnu++0x";
				CLANG_CXX_LIBRARY = "libc++";
				CLANG_ENABLE_OBJC_ARC = NO;
				CLANG_WARN_CONSTANT_CONVERSION = YES;
				CLANG_WARN_EMPTY_BODY = YES;
				CLANG_WARN_ENUM_CONVERSION = YES;
				CLANG_WARN_INT_CONVERSION = YES;
				CLANG_WARN__DUPLICATE_METHOD_MATCH = YES;
				COPY_PHASE_STRIP = NO;
				GCC_C_LANGUAGE_STANDARD = gnu99;
				GCC_DYNAMIC_NO_PIC = NO;
				GCC_ENABLE_OBJC_EXCEPTIONS = YES;
				GCC_OPTIMIZATION_LEVEL = 0;
				GCC_PREPROCESSOR_DEFINITIONS = (
					"DEBUG=1",
					"$(inherited)",
				);
				GCC_SYMBOLS_PRIVATE_EXTERN = NO;
				GCC_WARN_64_TO_32_BIT_CONVERSION = YES;
				GCC_WARN_ABOUT_RETURN_TYPE = YES;
				GCC_WARN_UNINITIALIZED_AUTOS = YES;
				GCC_WARN_UNUSED_VARIABLE = YES;
				MACOSX_DEPLOYMENT_TARGET = 10.9;
				ONLY_ACTIVE_ARCH = YES;
				SDKROOT = macosx;
			};
			name = Debug;
		};
		9CB619E019ED19790022BB35 /* Release */ = {
			isa = XCBuildConfiguration;
			buildSettings = {
				ALWAYS_SEARCH_USER_PATHS = NO;
				ARCHS = "$(ARCHS_STANDARD_64_BIT)";
				CLANG_CXX_LANGUAGE_STANDARD = "gnu++0x";
				CLANG_CXX_LIBRARY = "libc++";
				CLANG_ENABLE_OBJC_ARC = NO;
				CLANG_WARN_CONSTANT_CONVERSION = YES;
				CLANG_WARN_EMPTY_BODY = YES;
				CLANG_WARN_ENUM_CONVERSION = YES;
				CLANG_WARN_INT_CONVERSION = YES;
				CLANG_WARN__DUPLICATE_METHOD_MATCH = YES;
				COPY_PHASE_STRIP = YES;
				DEBUG_INFORMATION_FORMAT = "dwarf-with-dsym";
				GCC_C_LANGUAGE_STANDARD = gnu99;
				GCC_ENABLE_OBJC_EXCEPTIONS = YES;
				GCC_WARN_64_TO_32_BIT_CONVERSION = YES;
				GCC_WARN_ABOUT_RETURN_TYPE = YES;
				GCC_WARN_UNINITIALIZED_AUTOS = YES;
				GCC_WARN_UNUSED_VARIABLE = YES;
				MACOSX_DEPLOYMENT_TARGET = 10.9;
				SDKROOT = macosx;
			};
			name = Release;
		};
		9CB619E219ED19790022BB35 /* Debug */ = {
			isa = XCBuildConfiguration;
			buildSettings = {
				COMBINE_HIDPI_IMAGES = YES;
				GCC_PRECOMPILE_PREFIX_HEADER = YES;
				GCC_PREFIX_HEADER = "GoldenTriangle/GoldenTriangle-Prefix.pch";
				INFOPLIST_FILE = "GoldenTriangle/GoldenTriangle-Info.plist";
				PRODUCT_NAME = "$(TARGET_NAME)";
				WRAPPER_EXTENSION = app;
			};
			name = Debug;
		};
		9CB619E319ED19790022BB35 /* Release */ = {
			isa = XCBuildConfiguration;
			buildSettings = {
				COMBINE_HIDPI_IMAGES = YES;
				GCC_PRECOMPILE_PREFIX_HEADER = YES;
				GCC_PREFIX_HEADER = "GoldenTriangle/GoldenTriangle-Prefix.pch";
				INFOPLIST_FILE = "GoldenTriangle/GoldenTriangle-Info.plist";
				PRODUCT_NAME = "$(TARGET_NAME)";
				WRAPPER_EXTENSION = app;
			};
			name = Release;
		};
/* End XCBuildConfiguration section */

/* Begin XCConfigurationList section */
		9CB619BF19ED19790022BB35 /* Build configuration list for PBXProject "GoldenTriangle" */ = {
			isa = XCConfigurationList;
			buildConfigurations = (
				9CB619DF19ED19790022BB35 /* Debug */,
				9CB619E019ED19790022BB35 /* Release */,
			);
			defaultConfigurationIsVisible = 0;
			defaultConfigurationName = Release;
		};
		9CB619E119ED19790022BB35 /* Build configuration list for PBXNativeTarget "GoldenTriangle" */ = {
			isa = XCConfigurationList;
			buildConfigurations = (
				9CB619E219ED19790022BB35 /* Debug */,
				9CB619E319ED19790022BB35 /* Release */,
			);
			defaultConfigurationIsVisible = 0;
			defaultConfigurationName = Release;
		};
/* End XCConfigurationList section */
	};
	rootObject = 9CB619BC19ED19790022BB35 /* Project object */;
}
